# THIS IS AN AUTOGENERATED FILE. DO NOT EDIT THIS FILE DIRECTLY.
# yarn lockfile v1


"@babel/runtime@^7.9.2":
  version "7.18.9"
  resolved "https://registry.yarnpkg.com/@babel/runtime/-/runtime-7.18.9.tgz#b4fcfce55db3d2e5e080d2490f608a3b9f407f4a"
  integrity sha512-lkqXDcvlFT5rvEjiu6+QYO+1GXrEHRo2LOtS7E4GtX5ESIZOgepqsZBVIj6Pv+a6zqsya9VCgiK1KAK4BvJDAw==
  dependencies:
    regenerator-runtime "^0.13.4"

"@esbuild/linux-loong64@0.15.7":
  version "0.15.7"
  resolved "https://registry.yarnpkg.com/@esbuild/linux-loong64/-/linux-loong64-0.15.7.tgz#1ec4af4a16c554cbd402cc557ccdd874e3f7be53"
  integrity sha512-IKznSJOsVUuyt7cDzzSZyqBEcZe+7WlBqTVXiF1OXP/4Nm387ToaXZ0fyLwI1iBlI/bzpxVq411QE2/Bt2XWWw==

"@hotwired/stimulus@^3.1.0":
  version "3.1.0"
  resolved "https://registry.yarnpkg.com/@hotwired/stimulus/-/stimulus-3.1.0.tgz#20215251e5afe6e0a3787285181ba1bfc9097df0"
  integrity sha512-iDMHUhiEJ1xFeicyHcZQQgBzhtk5mPR0QZO3L6wtqzMsJEk2TKECuCQTGKjm+KJTHVY0dKq1dOOAWvODjpd2Mg==

"@hotwired/turbo-rails@^7.1.3":
  version "7.1.3"
  resolved "https://registry.yarnpkg.com/@hotwired/turbo-rails/-/turbo-rails-7.1.3.tgz#a4e04ecb800a06e7f9aa6e298170fa4580b74216"
  integrity sha512-6qKgn75bMWKx0bJgmSfrdC73EJkGLoSWZPAssvcd3nE7ZpDZff6f67j5OQNjjpRgNB7OFruom6VWguGQGu1fQg==
  dependencies:
    "@hotwired/turbo" "^7.1.0"
    "@rails/actioncable" "^7.0"

"@hotwired/turbo@^7.1.0":
  version "7.1.0"
  resolved "https://registry.yarnpkg.com/@hotwired/turbo/-/turbo-7.1.0.tgz#27e44e0e3dc5bd1d4bda0766d579cf5a14091cd7"
  integrity sha512-Q8kGjqwPqER+CtpQudbH+3Zgs2X4zb6pBAlr6NsKTXadg45pAOvxI9i4QpuHbwSzR2+x87HUm+rot9F/Pe8rxA==

"@juggle/resize-observer@^3.3.1":
  version "3.4.0"
  resolved "https://registry.yarnpkg.com/@juggle/resize-observer/-/resize-observer-3.4.0.tgz#08d6c5e20cf7e4cc02fd181c4b0c225cd31dbb60"
  integrity sha512-dfLbk+PwWvFzSxwk3n5ySL0hfBog779o8h68wK/7/APo/7cgyWp5jcXockbxdk5kFRkbeXWm4Fbi9FrdN381sA==

"@popperjs/core@^2.11.6":
  version "2.11.6"
  resolved "https://registry.yarnpkg.com/@popperjs/core/-/core-2.11.6.tgz#cee20bd55e68a1720bdab363ecf0c821ded4cd45"
  integrity sha512-50/17A98tWUfQ176raKiOGXuYpLyyVMkxxG6oylzL3BPOlA6ADGdK7EYunSa4I064xerltq9TGXs8HmOk5E+vw==

"@rails/actioncable@^7.0":
  version "7.0.3"
  resolved "https://registry.yarnpkg.com/@rails/actioncable/-/actioncable-7.0.3.tgz#71f08e958883af64f6a20489318b5e95d2c6dc5b"
  integrity sha512-Iefl21FZD+ck1di6xSHMYzSzRiNJTHV4NrAzCfDfqc/wPz4xncrP8f2/fJ+2jzwKIaDn76UVMsALh7R5OzsF8Q==

anymatch@~3.1.2:
  version "3.1.2"
  resolved "https://registry.yarnpkg.com/anymatch/-/anymatch-3.1.2.tgz#c0557c096af32f106198f4f4e2a383537e378716"
  integrity sha512-P43ePfOAIupkguHUycrc4qJ9kz8ZiuOUijaETwX7THt0Y/GNK7v0aa8rY816xWjZ7rJdA5XdMcpVFTKMq+RvWg==
  dependencies:
    normalize-path "^3.0.0"
    picomatch "^2.0.4"

apexcharts@^3.35.5:
  version "3.35.5"
  resolved "https://registry.yarnpkg.com/apexcharts/-/apexcharts-3.35.5.tgz#c5a950f6f7be35ff4f4509b2179ff538d366c6ec"
  integrity sha512-Bi3aq35xWntI71JlywXTBBAOhuKTbB4wijKw4ClkIAFV904YDkHPIJ8N9LcZq9fvVb0VX1AEmyOFBOB2Vwsuew==
  dependencies:
    svg.draggable.js "^2.2.2"
    svg.easing.js "^2.0.0"
    svg.filter.js "^2.0.2"
    svg.pathmorphing.js "^0.1.3"
    svg.resize.js "^1.4.3"
    svg.select.js "^3.0.1"

atoa@1.0.0:
  version "1.0.0"
  resolved "https://registry.yarnpkg.com/atoa/-/atoa-1.0.0.tgz#0cc0e91a480e738f923ebc103676471779b34a49"
  integrity sha512-VVE1H6cc4ai+ZXo/CRWoJiHXrA1qfA31DPnx6D20+kSI547hQN5Greh51LQ1baMRMfxO5K5M4ImMtZbZt2DODQ==

binary-extensions@^2.0.0:
  version "2.2.0"
  resolved "https://registry.yarnpkg.com/binary-extensions/-/binary-extensions-2.2.0.tgz#75f502eeaf9ffde42fc98829645be4ea76bd9e2d"
  integrity sha512-jDctJ/IVQbZoJykoeHbhXpOlNBqGNcwXJKJog42E5HDPUwQTSdjCHdihjj0DlnheQ7blbT6dHOafNAiS8ooQKA==

bootstrap-icons@^1.9.1:
  version "1.9.1"
  resolved "https://registry.yarnpkg.com/bootstrap-icons/-/bootstrap-icons-1.9.1.tgz#cf22d91a25447645e45c49ebde4e56eafdfe761b"
  integrity sha512-d4ZkO30MIkAhQ2nNRJqKXJVEQorALGbLWTuRxyCTJF96lRIV6imcgMehWGJUiJMJhglN0o2tqLIeDnMdiQEE9g==

bootstrap@^5.2.0:
  version "5.2.0"
  resolved "https://registry.yarnpkg.com/bootstrap/-/bootstrap-5.2.0.tgz#838727fb60f1630db370fe57c63cbcf2962bb3d3"
  integrity sha512-qlnS9GL6YZE6Wnef46GxGv1UpGGzAwO0aPL1yOjzDIJpeApeMvqV24iL+pjr2kU4dduoBA9fINKWKgMToobx9A==

braces@~3.0.2:
  version "3.0.2"
  resolved "https://registry.yarnpkg.com/braces/-/braces-3.0.2.tgz#3454e1a462ee8d599e236df336cd9ea4f8afe107"
  integrity sha512-b8um+L1RzM3WDSzvhm6gIz1yfTbBt6YTlcEKAvsmqCZZFw46z626lVj9j1yEPW33H5H+lBQpZMP1k8l+78Ha0A==
  dependencies:
    fill-range "^7.0.1"

call-bind@^1.0.2:
  version "1.0.2"
  resolved "https://registry.yarnpkg.com/call-bind/-/call-bind-1.0.2.tgz#b1d4e89e688119c3c9a903ad30abb2f6a919be3c"
  integrity sha512-7O+FbCihrB5WGbFYesctwmTKae6rOiIzmz1icreWJ+0aA7LJfuqhEso2T9ncpcFtzMQtzXf2QGGueWJGTYsqrA==
  dependencies:
    function-bind "^1.1.1"
    get-intrinsic "^1.0.2"

can-use-dom@^0.1.0:
  version "0.1.0"
  resolved "https://registry.yarnpkg.com/can-use-dom/-/can-use-dom-0.1.0.tgz#22cc4a34a0abc43950f42c6411024a3f6366b45a"
  integrity sha512-ceOhN1DL7Y4O6M0j9ICgmTYziV89WMd96SvSl0REd8PMgrY0B/WBOPoed5S1KUmJqXgUXh8gzSe6E3ae27upsQ==

chart.js@^3.9.1:
  version "3.9.1"
  resolved "https://registry.yarnpkg.com/chart.js/-/chart.js-3.9.1.tgz#3abf2c775169c4c71217a107163ac708515924b8"
  integrity sha512-Ro2JbLmvg83gXF5F4sniaQ+lTbSv18E+TIf2cOeiH1Iqd2PGFOtem+DUufMZsCJwFE7ywPOpfXFBwRTGq7dh6w==

choices.js@^10.1.0:
  version "10.1.0"
  resolved "https://registry.yarnpkg.com/choices.js/-/choices.js-10.1.0.tgz#034a40b7aa82e2a38f19ff8fae5bbfa6047862f4"
  integrity sha512-NtrFt7c7ZQEGmkWsAV+EHynJhADWoZ82JEfg1+vQ9MMKJD4Ax2rzYPxXe+Q64i0HgUgWG/XTN3gN2pB8UFFFlA==
  dependencies:
    deepmerge "^4.2.2"
    fuse.js "^6.5.3"
    redux "^4.1.2"

"chokidar@>=3.0.0 <4.0.0":
  version "3.5.3"
  resolved "https://registry.yarnpkg.com/chokidar/-/chokidar-3.5.3.tgz#1cf37c8707b932bd1af1ae22c0432e2acd1903bd"
  integrity sha512-Dr3sfKRP6oTcjf2JmUmFJfeVMvXBdegxB0iVQ5eb2V10uFJUCAS8OByZdVAyVb8xXNz3GjjTgj9kLWsZTqE6kw==
  dependencies:
    anymatch "~3.1.2"
    braces "~3.0.2"
    glob-parent "~5.1.2"
    is-binary-path "~2.1.0"
    is-glob "~4.0.1"
    normalize-path "~3.0.0"
    readdirp "~3.6.0"
  optionalDependencies:
    fsevents "~2.3.2"

classnames@^2.2.5:
  version "2.3.1"
  resolved "https://registry.yarnpkg.com/classnames/-/classnames-2.3.1.tgz#dfcfa3891e306ec1dad105d0e88f4417b8535e8e"
  integrity sha512-OlQdbZ7gLfGarSqxesMesDa5uz7KFbID8Kpq/SxIoNGDqY8lSYs0D+hhtBXhcdB3rcbXArFr7vlHheLk1voeNA==

clone@^2.1.1:
  version "2.1.2"
  resolved "https://registry.yarnpkg.com/clone/-/clone-2.1.2.tgz#1b7f4b9f591f1e8f83670401600345a02887435f"
  integrity sha512-3Pe/CF1Nn94hyhIYpjtiLhdCoEoz0DqQ+988E9gmeEdQZlojxnOb74wctFyuwWQHzqyf9X7C7MG8juUpqBJT8w==

contra@1.9.4:
  version "1.9.4"
  resolved "https://registry.yarnpkg.com/contra/-/contra-1.9.4.tgz#f53bde42d7e5b5985cae4d99a8d610526de8f28d"
  integrity sha512-N9ArHAqwR/lhPq4OdIAwH4e1btn6EIZMAz4TazjnzCiVECcWUPTma+dRAM38ERImEJBh8NiCCpjoQruSZ+agYg==
  dependencies:
    atoa "1.0.0"
    ticky "1.0.1"

core-js@^3.0.1, core-js@^3.1.3:
  version "3.25.0"
  resolved "https://registry.yarnpkg.com/core-js/-/core-js-3.25.0.tgz#be71d9e0dd648ffd70c44a7ec2319d039357eceb"
  integrity sha512-CVU1xvJEfJGhyCpBrzzzU1kjCfgsGUxhEvwUV2e/cOedYWHdmluamx+knDnmhqALddMG16fZvIqvs9aijsHHaA==

crossvent@1.5.5:
  version "1.5.5"
  resolved "https://registry.yarnpkg.com/crossvent/-/crossvent-1.5.5.tgz#ad20878e4921e9be73d9d6976f8b2ecd0f71a0b1"
  integrity sha512-MY4xhBYEnVi+pmTpHCOCsCLYczc0PVtGdPBz6NXNXxikLaUZo4HdAeUb1UqAo3t3yXAloSelTmfxJ+/oUqkW5w==
  dependencies:
    custom-event "^1.0.0"

custom-event@^1.0.0:
  version "1.0.1"
  resolved "https://registry.yarnpkg.com/custom-event/-/custom-event-1.0.1.tgz#5d02a46850adf1b4a317946a3928fccb5bfd0425"
  integrity sha512-GAj5FOq0Hd+RsCGVJxZuKaIDXDf3h6GQoNEjFgbLLI/trgtavwUbSnZ5pVfg27DVCaWjIohryS0JFwIJyT2cMg==

datatables.net-bs5@1.12.1, datatables.net-bs5@>=1.11.3:
  version "1.12.1"
  resolved "https://registry.yarnpkg.com/datatables.net-bs5/-/datatables.net-bs5-1.12.1.tgz#b05d4bcaed77f6b77df0b50eaf1d5ec8e5d476bd"
  integrity sha512-CcQCImfmH4YZk7I0aC0kTiNPyfHJ2ueGgOh/kFB9KqsZD8bNJy2A88gC6hn9A7TbmmenOL+K3Q1ti7G8yqi8SQ==
  dependencies:
    datatables.net ">=1.11.3"
    jquery ">=1.7"

datatables.net-buttons-bs5@2.2.3:
  version "2.2.3"
  resolved "https://registry.yarnpkg.com/datatables.net-buttons-bs5/-/datatables.net-buttons-bs5-2.2.3.tgz#816ad321142a6cc343d0a805fcbff2891387c6f1"
  integrity sha512-pQVBLBkG+G85eldTxEyU7SqqIn009pirbylmRAA+Ll9KYwsbyflQOZrTqKVKH6N4ycLjyR6gwtHeLgGnK23tBQ==
  dependencies:
    datatables.net-bs5 ">=1.11.3"
    datatables.net-buttons ">=2.0.1"
    jquery ">=1.7"

datatables.net-buttons@2.2.3, datatables.net-buttons@>=2.0.1:
  version "2.2.3"
  resolved "https://registry.yarnpkg.com/datatables.net-buttons/-/datatables.net-buttons-2.2.3.tgz#d0a2c5a4dcb48fa46f2c4435aaddf1ec45ed6e47"
  integrity sha512-9Xz52grBQxAgs6Meo+j/8koxrhnINt0fTc9tLYYb4UHxgtM2BzTGV4NA8KxXGxVjslem41e0quC5eXpXt9d4tw==
  dependencies:
    datatables.net ">=1.11.3"
    jquery ">=1.7"

datatables.net-fixedheader-bs5@3.2.4:
  version "3.2.4"
  resolved "https://registry.yarnpkg.com/datatables.net-fixedheader-bs5/-/datatables.net-fixedheader-bs5-3.2.4.tgz#f9c44ece7f4e0cdbef9e0d4ae84f0720af3e4534"
  integrity sha512-xA3nyfQ78to0Sdz8NLrCn+iA8/yZSyLs8bSoefVTP5JUjEzJ7CFkejblFcO8LW/d1dBQhwW+boaj0zqlRCmguA==
  dependencies:
    datatables.net-bs5 ">=1.11.3"
    datatables.net-fixedheader ">=3.2.0"
    jquery ">=1.7"

datatables.net-fixedheader@3.2.4, datatables.net-fixedheader@>=3.2.0:
  version "3.2.4"
  resolved "https://registry.yarnpkg.com/datatables.net-fixedheader/-/datatables.net-fixedheader-3.2.4.tgz#46962df4fe3f23a6e887659a9502eeb1ecb4ab2f"
  integrity sha512-LuQHrnbXE+69vMu21+g67xPj5PGDBhYcSz5sexUlo5K/yNFJhvzpWeBEjcWI6u9iu0ZlvMmC1yRAVrKqYRAcBQ==
  dependencies:
    datatables.net ">=1.11.3"
    jquery ">=1.7"

datatables.net-responsive-bs5@2.3.0:
  version "2.3.0"
  resolved "https://registry.yarnpkg.com/datatables.net-responsive-bs5/-/datatables.net-responsive-bs5-2.3.0.tgz#f92b79b7d5995c8c6cdc31ab0a725c240bcec448"
  integrity sha512-OVe2y+WGbZNqwu0clpzjPGg85Y+8KW8pVXVZJEKKyHW0GYAU3Ewhk0f3ZdS0B6Al9Q4v3Gt6OzupVwuY5Ck1pA==
  dependencies:
    datatables.net-bs5 ">=1.11.3"
    datatables.net-responsive ">=2.2.9"
    jquery ">=1.7"

datatables.net-responsive@2.3.0, datatables.net-responsive@>=2.2.9:
  version "2.3.0"
  resolved "https://registry.yarnpkg.com/datatables.net-responsive/-/datatables.net-responsive-2.3.0.tgz#2b8d894af5456f8c8a320eeac5e837a24d84e033"
  integrity sha512-QA5QsD1sJQRQ7/IFi3rSd33O84f/Augz2KnaehjfuEANtK4KeC9Lbkut5tPuuMcK4jOpQPOOPYTbmfrt+tfh9w==
  dependencies:
    datatables.net ">=1.11.3"
    jquery ">=1.7"

datatables.net-select@1.4.0:
  version "1.4.0"
  resolved "https://registry.yarnpkg.com/datatables.net-select/-/datatables.net-select-1.4.0.tgz#bd62e785f3413b783dd025ca8e7c5ed2f7fed63d"
  integrity sha512-CWEIpODzKXupZOx5KdPUnX5pDPO0xLrCxezE1MNktolFSz0duMw1w3ae25cEynP+w8wkaXbRfCiyGeBXx1YIvw==
  dependencies:
    datatables.net ">=1.11.3"
    jquery ">=1.7"

datatables.net@1.12.1, datatables.net@>=1.11.3:
  version "1.12.1"
  resolved "https://registry.yarnpkg.com/datatables.net/-/datatables.net-1.12.1.tgz#3e625e49a3341f605b0efb519fae94e37b278f24"
  integrity sha512-e6XAMUoV41JdQPS/r9YRfRcmTPcCVvyZbWI+xog1Zg+kjVliMQbEkvWK5XFItmi64Cvwg+IqsZbTUJ1KSY3umA==
  dependencies:
    jquery ">=1.7"

deep-equal@^1.0.1:
  version "1.1.1"
  resolved "https://registry.yarnpkg.com/deep-equal/-/deep-equal-1.1.1.tgz#b5c98c942ceffaf7cb051e24e1434a25a2e6076a"
  integrity sha512-yd9c5AdiqVcR+JjcwUQb9DkhJc8ngNr0MahEBGvDiJw8puWab2yZlh+nkasOnZP+EGTAP6rRp2JzJhJZzvNF8g==
  dependencies:
    is-arguments "^1.0.4"
    is-date-object "^1.0.1"
    is-regex "^1.0.4"
    object-is "^1.0.1"
    object-keys "^1.1.1"
    regexp.prototype.flags "^1.2.0"

deepmerge@^4.2.2:
  version "4.2.2"
  resolved "https://registry.yarnpkg.com/deepmerge/-/deepmerge-4.2.2.tgz#44d2ea3679b8f4d4ffba33f03d865fc1e7bf4955"
  integrity sha512-FJ3UgI4gIl+PHZm53knsuSFpE+nESMr7M4v9QcgB7S63Kj/6WqMiFQJpBBYz1Pt+66bZpP3Q7Lye0Oo9MPKEdg==

define-properties@^1.1.3:
  version "1.1.4"
  resolved "https://registry.yarnpkg.com/define-properties/-/define-properties-1.1.4.tgz#0b14d7bd7fbeb2f3572c3a7eda80ea5d57fb05b1"
  integrity sha512-uckOqKcfaVvtBdsVkdPv3XjveQJsNQqmhXgRi8uhvWWuPYZCNlzT8qAyblUgNoXdHdjMTzAqeGjAoli8f+bzPA==
  dependencies:
    has-property-descriptors "^1.0.0"
    object-keys "^1.1.1"

domurl@2.3.4:
  version "2.3.4"
  resolved "https://registry.yarnpkg.com/domurl/-/domurl-2.3.4.tgz#fc0de7f9185b197ca7afe8a989e30d462c082489"
  integrity sha512-/pmFKQbQqjsCB5qppxfGexcaVykxcawJi2S9aRq3iF9fcIUrkUd9ceXxehP2ARbCbmhh4O21YBRC1pn86rpujg==

dragula@3.7.3:
  version "3.7.3"
  resolved "https://registry.yarnpkg.com/dragula/-/dragula-3.7.3.tgz#909460fd0b4acba5409c6dbb1b64d24f5bc9efb6"
  integrity sha512-/rRg4zRhcpf81TyDhaHLtXt6sEywdfpv1cRUMeFFy7DuypH2U0WUL0GTdyAQvXegviT4PJK4KuMmOaIDpICseQ==
  dependencies:
    contra "1.9.4"
    crossvent "1.5.5"

esbuild-android-64@0.15.7:
  version "0.15.7"
  resolved "https://registry.yarnpkg.com/esbuild-android-64/-/esbuild-android-64-0.15.7.tgz#a521604d8c4c6befc7affedc897df8ccde189bea"
  integrity sha512-p7rCvdsldhxQr3YHxptf1Jcd86dlhvc3EQmQJaZzzuAxefO9PvcI0GLOa5nCWem1AJ8iMRu9w0r5TG8pHmbi9w==

esbuild-android-arm64@0.15.7:
  version "0.15.7"
  resolved "https://registry.yarnpkg.com/esbuild-android-arm64/-/esbuild-android-arm64-0.15.7.tgz#307b81f1088bf1e81dfe5f3d1d63a2d2a2e3e68e"
  integrity sha512-L775l9ynJT7rVqRM5vo+9w5g2ysbOCfsdLV4CWanTZ1k/9Jb3IYlQ06VCI1edhcosTYJRECQFJa3eAvkx72eyQ==

esbuild-darwin-64@0.15.7:
  version "0.15.7"
  resolved "https://registry.yarnpkg.com/esbuild-darwin-64/-/esbuild-darwin-64-0.15.7.tgz#270117b0c4ec6bcbc5cf3a297a7d11954f007e11"
  integrity sha512-KGPt3r1c9ww009t2xLB6Vk0YyNOXh7hbjZ3EecHoVDxgtbUlYstMPDaReimKe6eOEfyY4hBEEeTvKwPsiH5WZg==

esbuild-darwin-arm64@0.15.7:
  version "0.15.7"
  resolved "https://registry.yarnpkg.com/esbuild-darwin-arm64/-/esbuild-darwin-arm64-0.15.7.tgz#97851eacd11dacb7719713602e3319e16202fc77"
  integrity sha512-kBIHvtVqbSGajN88lYMnR3aIleH3ABZLLFLxwL2stiuIGAjGlQW741NxVTpUHQXUmPzxi6POqc9npkXa8AcSZQ==

esbuild-freebsd-64@0.15.7:
  version "0.15.7"
  resolved "https://registry.yarnpkg.com/esbuild-freebsd-64/-/esbuild-freebsd-64-0.15.7.tgz#1de15ffaf5ae916aa925800aa6d02579960dd8c4"
  integrity sha512-hESZB91qDLV5MEwNxzMxPfbjAhOmtfsr9Wnuci7pY6TtEh4UDuevmGmkUIjX/b+e/k4tcNBMf7SRQ2mdNuK/HQ==

esbuild-freebsd-arm64@0.15.7:
  version "0.15.7"
  resolved "https://registry.yarnpkg.com/esbuild-freebsd-arm64/-/esbuild-freebsd-arm64-0.15.7.tgz#0f160dbf5c9a31a1d8dd87acbbcb1a04b7031594"
  integrity sha512-dLFR0ChH5t+b3J8w0fVKGvtwSLWCv7GYT2Y2jFGulF1L5HftQLzVGN+6pi1SivuiVSmTh28FwUhi9PwQicXI6Q==

esbuild-linux-32@0.15.7:
  version "0.15.7"
  resolved "https://registry.yarnpkg.com/esbuild-linux-32/-/esbuild-linux-32-0.15.7.tgz#422eb853370a5e40bdce8b39525380de11ccadec"
  integrity sha512-v3gT/LsONGUZcjbt2swrMjwxo32NJzk+7sAgtxhGx1+ZmOFaTRXBAi1PPfgpeo/J//Un2jIKm/I+qqeo4caJvg==

esbuild-linux-64@0.15.7:
  version "0.15.7"
  resolved "https://registry.yarnpkg.com/esbuild-linux-64/-/esbuild-linux-64-0.15.7.tgz#f89c468453bb3194b14f19dc32e0b99612e81d2b"
  integrity sha512-LxXEfLAKwOVmm1yecpMmWERBshl+Kv5YJ/1KnyAr6HRHFW8cxOEsEfisD3sVl/RvHyW//lhYUVSuy9jGEfIRAQ==

esbuild-linux-arm64@0.15.7:
  version "0.15.7"
  resolved "https://registry.yarnpkg.com/esbuild-linux-arm64/-/esbuild-linux-arm64-0.15.7.tgz#68a79d6eb5e032efb9168a0f340ccfd33d6350a1"
  integrity sha512-P3cfhudpzWDkglutWgXcT2S7Ft7o2e3YDMrP1n0z2dlbUZghUkKCyaWw0zhp4KxEEzt/E7lmrtRu/pGWnwb9vw==

esbuild-linux-arm@0.15.7:
  version "0.15.7"
  resolved "https://registry.yarnpkg.com/esbuild-linux-arm/-/esbuild-linux-arm-0.15.7.tgz#2b7c784d0b3339878013dfa82bf5eaf82c7ce7d3"
  integrity sha512-JKgAHtMR5f75wJTeuNQbyznZZa+pjiUHV7sRZp42UNdyXC6TiUYMW/8z8yIBAr2Fpad8hM1royZKQisqPABPvQ==

esbuild-linux-mips64le@0.15.7:
  version "0.15.7"
  resolved "https://registry.yarnpkg.com/esbuild-linux-mips64le/-/esbuild-linux-mips64le-0.15.7.tgz#bb8330a50b14aa84673816cb63cc6c8b9beb62cc"
  integrity sha512-T7XKuxl0VpeFLCJXub6U+iybiqh0kM/bWOTb4qcPyDDwNVhLUiPcGdG2/0S7F93czUZOKP57YiLV8YQewgLHKw==

esbuild-linux-ppc64le@0.15.7:
  version "0.15.7"
  resolved "https://registry.yarnpkg.com/esbuild-linux-ppc64le/-/esbuild-linux-ppc64le-0.15.7.tgz#52544e7fa992811eb996674090d0bc41f067a14b"
  integrity sha512-6mGuC19WpFN7NYbecMIJjeQgvDb5aMuvyk0PDYBJrqAEMkTwg3Z98kEKuCm6THHRnrgsdr7bp4SruSAxEM4eJw==

esbuild-linux-riscv64@0.15.7:
  version "0.15.7"
  resolved "https://registry.yarnpkg.com/esbuild-linux-riscv64/-/esbuild-linux-riscv64-0.15.7.tgz#a43ae60697992b957e454cbb622f7ee5297e8159"
  integrity sha512-uUJsezbswAYo/X7OU/P+PuL/EI9WzxsEQXDekfwpQ23uGiooxqoLFAPmXPcRAt941vjlY9jtITEEikWMBr+F/g==

esbuild-linux-s390x@0.15.7:
  version "0.15.7"
  resolved "https://registry.yarnpkg.com/esbuild-linux-s390x/-/esbuild-linux-s390x-0.15.7.tgz#8c76a125dd10a84c166294d77416caaf5e1c7b64"
  integrity sha512-+tO+xOyTNMc34rXlSxK7aCwJgvQyffqEM5MMdNDEeMU3ss0S6wKvbBOQfgd5jRPblfwJ6b+bKiz0g5nABpY0QQ==

esbuild-netbsd-64@0.15.7:
  version "0.15.7"
  resolved "https://registry.yarnpkg.com/esbuild-netbsd-64/-/esbuild-netbsd-64-0.15.7.tgz#19b2e75449d7d9c32b5d8a222bac2f1e0c3b08fd"
  integrity sha512-yVc4Wz+Pu3cP5hzm5kIygNPrjar/v5WCSoRmIjCPWfBVJkZNb5brEGKUlf+0Y759D48BCWa0WHrWXaNy0DULTQ==

esbuild-openbsd-64@0.15.7:
  version "0.15.7"
  resolved "https://registry.yarnpkg.com/esbuild-openbsd-64/-/esbuild-openbsd-64-0.15.7.tgz#1357b2bf72fd037d9150e751420a1fe4c8618ad7"
  integrity sha512-GsimbwC4FSR4lN3wf8XmTQ+r8/0YSQo21rWDL0XFFhLHKlzEA4SsT1Tl8bPYu00IU6UWSJ+b3fG/8SB69rcuEQ==

esbuild-sunos-64@0.15.7:
  version "0.15.7"
  resolved "https://registry.yarnpkg.com/esbuild-sunos-64/-/esbuild-sunos-64-0.15.7.tgz#87ab2c604592a9c3c763e72969da0d72bcde91d2"
  integrity sha512-8CDI1aL/ts0mDGbWzjEOGKXnU7p3rDzggHSBtVryQzkSOsjCHRVe0iFYUuhczlxU1R3LN/E7HgUO4NXzGGP/Ag==

esbuild-windows-32@0.15.7:
  version "0.15.7"
  resolved "https://registry.yarnpkg.com/esbuild-windows-32/-/esbuild-windows-32-0.15.7.tgz#c81e688c0457665a8d463a669e5bf60870323e99"
  integrity sha512-cOnKXUEPS8EGCzRSFa1x6NQjGhGsFlVgjhqGEbLTPsA7x4RRYiy2RKoArNUU4iR2vHmzqS5Gr84MEumO/wxYKA==

esbuild-windows-64@0.15.7:
  version "0.15.7"
  resolved "https://registry.yarnpkg.com/esbuild-windows-64/-/esbuild-windows-64-0.15.7.tgz#2421d1ae34b0561a9d6767346b381961266c4eff"
  integrity sha512-7MI08Ec2sTIDv+zH6StNBKO+2hGUYIT42GmFyW6MBBWWtJhTcQLinKS6ldIN1d52MXIbiJ6nXyCJ+LpL4jBm3Q==

esbuild-windows-arm64@0.15.7:
  version "0.15.7"
  resolved "https://registry.yarnpkg.com/esbuild-windows-arm64/-/esbuild-windows-arm64-0.15.7.tgz#7d5e9e060a7b454cb2f57f84a3f3c23c8f30b7d2"
  integrity sha512-R06nmqBlWjKHddhRJYlqDd3Fabx9LFdKcjoOy08YLimwmsswlFBJV4rXzZCxz/b7ZJXvrZgj8DDv1ewE9+StMw==

esbuild@^0.15.7:
  version "0.15.7"
  resolved "https://registry.yarnpkg.com/esbuild/-/esbuild-0.15.7.tgz#8a1f1aff58671a3199dd24df95314122fc1ddee8"
  integrity sha512-7V8tzllIbAQV1M4QoE52ImKu8hT/NLGlGXkiDsbEU5PS6K8Mn09ZnYoS+dcmHxOS9CRsV4IRAMdT3I67IyUNXw==
  optionalDependencies:
    "@esbuild/linux-loong64" "0.15.7"
    esbuild-android-64 "0.15.7"
    esbuild-android-arm64 "0.15.7"
    esbuild-darwin-64 "0.15.7"
    esbuild-darwin-arm64 "0.15.7"
    esbuild-freebsd-64 "0.15.7"
    esbuild-freebsd-arm64 "0.15.7"
    esbuild-linux-32 "0.15.7"
    esbuild-linux-64 "0.15.7"
    esbuild-linux-arm "0.15.7"
    esbuild-linux-arm64 "0.15.7"
    esbuild-linux-mips64le "0.15.7"
    esbuild-linux-ppc64le "0.15.7"
    esbuild-linux-riscv64 "0.15.7"
    esbuild-linux-s390x "0.15.7"
    esbuild-netbsd-64 "0.15.7"
    esbuild-openbsd-64 "0.15.7"
    esbuild-sunos-64 "0.15.7"
    esbuild-windows-32 "0.15.7"
    esbuild-windows-64 "0.15.7"
    esbuild-windows-arm64 "0.15.7"

eventemitter3@^2.0.3:
  version "2.0.3"
  resolved "https://registry.yarnpkg.com/eventemitter3/-/eventemitter3-2.0.3.tgz#b5e1079b59fb5e1ba2771c0a993be060a58c99ba"
  integrity sha512-jLN68Dx5kyFHaePoXWPsCGW5qdyZQtLYHkxkg02/Mz6g0kYpDx4FyP6XfArhQdlOC4b8Mv+EMxPo/8La7Tzghg==

expose-loader@3.1.0:
  version "3.1.0"
  resolved "https://registry.yarnpkg.com/expose-loader/-/expose-loader-3.1.0.tgz#7a0bdecb345b921ca238a8c4715a4ea7e227213f"
  integrity sha512-2RExSo0yJiqP+xiUue13jQa2IHE8kLDzTI7b6kn+vUlBVvlzNSiLDzo4e5Pp5J039usvTUnxZ8sUOhv0Kg15NA==

extend@^3.0.2:
  version "3.0.2"
  resolved "https://registry.yarnpkg.com/extend/-/extend-3.0.2.tgz#f8b1136b4071fbd8eb140aff858b1019ec2915fa"
  integrity sha512-fjquC59cD7CyW6urNXK0FBufkZcoiGG80wTuPujX590cB5Ttln20E2UB4S/WARVqhXffZl2LNgS+gQdPIIim/g==

fast-diff@1.1.2:
  version "1.1.2"
  resolved "https://registry.yarnpkg.com/fast-diff/-/fast-diff-1.1.2.tgz#4b62c42b8e03de3f848460b639079920695d0154"
  integrity sha512-KaJUt+M9t1qaIteSvjc6P3RbMdXsNhK61GRftR6SNxqmhthcd9MGIi4T+o0jD8LUSpSnSKXE20nLtJ3fOHxQig==

feather-icons@4.29.0:
  version "4.29.0"
  resolved "https://registry.yarnpkg.com/feather-icons/-/feather-icons-4.29.0.tgz#4e40e3cbb7bf359ffbbf700edbebdde4e4a74ab6"
  integrity sha512-Y7VqN9FYb8KdaSF0qD1081HCkm0v4Eq/fpfQYQnubpqi0hXx14k+gF9iqtRys1SIcTEi97xDi/fmsPFZ8xo0GQ==
  dependencies:
    classnames "^2.2.5"
    core-js "^3.1.3"

fill-range@^7.0.1:
  version "7.0.1"
  resolved "https://registry.yarnpkg.com/fill-range/-/fill-range-7.0.1.tgz#1919a6a7c75fe38b2c7c77e5198535da9acdda40"
  integrity sha512-qOo9F+dMUmC2Lcb4BbVvnKJxTPjCm+RRpe4gDuGrzkL7mEVl/djYSu2OdQ2Pa302N4oqkSg9ir6jaLWJ2USVpQ==
  dependencies:
    to-regex-range "^5.0.1"

flatpickr@^4.6.13:
  version "4.6.13"
  resolved "https://registry.yarnpkg.com/flatpickr/-/flatpickr-4.6.13.tgz#8a029548187fd6e0d670908471e43abe9ad18d94"
  integrity sha512-97PMG/aywoYpB4IvbvUJi0RQi8vearvU0oov1WW3k0WZPBMrTQVqekSX5CjSG/M4Q3i6A/0FKXC7RyAoAUUSPw==

fsevents@~2.3.2:
  version "2.3.2"
  resolved "https://registry.yarnpkg.com/fsevents/-/fsevents-2.3.2.tgz#8a526f78b8fdf4623b709e0b975c52c24c02fd1a"
  integrity sha512-xiqMQR4xAeHTuB9uWm+fFRcIOgKBMiOBP+eXiyT7jsgVCq1bkVygt00oASowB7EdtpOHaaPgKt812P9ab+DDKA==

fullcalendar@^5.11.3:
  version "5.11.3"
  resolved "https://registry.yarnpkg.com/fullcalendar/-/fullcalendar-5.11.3.tgz#866a062efac2ad5ae3c73aaf345223d617fe1c84"
  integrity sha512-SgqiMEA+lWLyEd2jEwtIxdfx41j2CZr4KK00D2Gepj1MnGOjaEi13athnU6xvqMQXXjgJNj+vmlUP69QiuGncQ==

function-bind@^1.1.1:
  version "1.1.1"
  resolved "https://registry.yarnpkg.com/function-bind/-/function-bind-1.1.1.tgz#a56899d3ea3c9bab874bb9773b7c5ede92f4895d"
  integrity sha512-yIovAzMX49sF8Yl58fSCWJ5svSLuaibPxXQJFLmBObTuCr0Mf1KiPopGM9NiFjiYBCbfaa2Fh6breQ6ANVTI0A==

functions-have-names@^1.2.2:
  version "1.2.3"
  resolved "https://registry.yarnpkg.com/functions-have-names/-/functions-have-names-1.2.3.tgz#0404fe4ee2ba2f607f0e0ec3c80bae994133b834"
  integrity sha512-xckBUXyTIqT97tq2x2AMb+g163b5JFysYk0x4qxNFwbfQkmNZoiRHb6sPzI9/QV33WeuvVYBUIiD4NzNIyqaRQ==

fuse.js@^6.5.3:
  version "6.6.2"
  resolved "https://registry.yarnpkg.com/fuse.js/-/fuse.js-6.6.2.tgz#fe463fed4b98c0226ac3da2856a415576dc9a111"
  integrity sha512-cJaJkxCCxC8qIIcPBF9yGxY0W/tVZS3uEISDxhYIdtk8OL93pe+6Zj7LjCqVV4dzbqcriOZ+kQ/NE4RXZHsIGA==

get-intrinsic@^1.0.2, get-intrinsic@^1.1.1:
  version "1.1.2"
  resolved "https://registry.yarnpkg.com/get-intrinsic/-/get-intrinsic-1.1.2.tgz#336975123e05ad0b7ba41f152ee4aadbea6cf598"
  integrity sha512-Jfm3OyCxHh9DJyc28qGk+JmfkpO41A4XkneDSujN9MDXrm4oDKdHvndhZ2dN94+ERNfkYJWDclW6k2L/ZGHjXA==
  dependencies:
    function-bind "^1.1.1"
    has "^1.0.3"
    has-symbols "^1.0.3"

glob-parent@~5.1.2:
  version "5.1.2"
  resolved "https://registry.yarnpkg.com/glob-parent/-/glob-parent-5.1.2.tgz#869832c58034fe68a4093c17dc15e8340d8401c4"
  integrity sha512-AOIgSQCepiJYwP3ARnGx+5VnTu2HBYdzbGP45eLw1vr3zB3vZLeyed1sC9hnbcOc9/SrMyM5RPQrkGz4aS9Zow==
  dependencies:
    is-glob "^4.0.1"

has-property-descriptors@^1.0.0:
  version "1.0.0"
  resolved "https://registry.yarnpkg.com/has-property-descriptors/-/has-property-descriptors-1.0.0.tgz#610708600606d36961ed04c196193b6a607fa861"
  integrity sha512-62DVLZGoiEBDHQyqG4w9xCuZ7eJEwNmJRWw2VY84Oedb7WFcA27fiEVe8oUQx9hAUJ4ekurquucTGwsyO1XGdQ==
  dependencies:
    get-intrinsic "^1.1.1"

has-symbols@^1.0.2, has-symbols@^1.0.3:
  version "1.0.3"
  resolved "https://registry.yarnpkg.com/has-symbols/-/has-symbols-1.0.3.tgz#bb7b2c4349251dce87b125f7bdf874aa7c8b39f8"
  integrity sha512-l3LCuF6MgDNwTDKkdYGEihYjt5pRPbEg46rtlmnSPlUbgmB8LOIrKJbYYFBSbnPaJexMKtiPO8hmeRjRz2Td+A==

has-tostringtag@^1.0.0:
  version "1.0.0"
  resolved "https://registry.yarnpkg.com/has-tostringtag/-/has-tostringtag-1.0.0.tgz#7e133818a7d394734f941e73c3d3f9291e658b25"
  integrity sha512-kFjcSNhnlGV1kyoGk7OXKSawH5JOb/LzUc5w9B02hOTO0dfFRjbHQKvg1d6cf3HbeUmtU9VbbV3qzZ2Teh97WQ==
  dependencies:
    has-symbols "^1.0.2"

has@^1.0.3:
  version "1.0.3"
  resolved "https://registry.yarnpkg.com/has/-/has-1.0.3.tgz#722d7cbfc1f6aa8241f16dd814e011e1f41e8796"
  integrity sha512-f2dvO0VU6Oej7RkWJGrehjbzMAjFp5/VKPp5tTpWIV4JHHZK1/BxbFRtf/siA2SWTe09caDmVtYYzWEIbBS4zw==
  dependencies:
    function-bind "^1.1.1"

immutable@^4.0.0:
  version "4.1.0"
  resolved "https://registry.yarnpkg.com/immutable/-/immutable-4.1.0.tgz#f795787f0db780183307b9eb2091fcac1f6fafef"
  integrity sha512-oNkuqVTA8jqG1Q6c+UglTOD1xhC1BtjKI7XkCXRkZHrN5m18/XsnUp8Q89GkQO/z+0WjonSvl0FLhDYftp46nQ==

inputmask@^5.0.7:
  version "5.0.7"
  resolved "https://registry.yarnpkg.com/inputmask/-/inputmask-5.0.7.tgz#b04d5d4e1c85018893c3c8edb1a9f074b051007f"
  integrity sha512-rUxbRDS25KEib+c/Ow+K01oprU/+EK9t9SOPC8ov94/ftULGDqj1zOgRU/Hko6uzoKRMdwCfuhAafJ/Wk2wffQ==

is-arguments@^1.0.4:
  version "1.1.1"
  resolved "https://registry.yarnpkg.com/is-arguments/-/is-arguments-1.1.1.tgz#15b3f88fda01f2a97fec84ca761a560f123efa9b"
  integrity sha512-8Q7EARjzEnKpt/PCD7e1cgUS0a6X8u5tdSiMqXhojOdoV9TsMsiO+9VLC5vAmO8N7/GmXn7yjR8qnA6bVAEzfA==
  dependencies:
    call-bind "^1.0.2"
    has-tostringtag "^1.0.0"

is-binary-path@~2.1.0:
  version "2.1.0"
  resolved "https://registry.yarnpkg.com/is-binary-path/-/is-binary-path-2.1.0.tgz#ea1f7f3b80f064236e83470f86c09c254fb45b09"
  integrity sha512-ZMERYes6pDydyuGidse7OsHxtbI7WVeUEozgR/g7rd0xUimYNlvZRE/K2MgZTjWy725IfelLeVcEM97mmtRGXw==
  dependencies:
    binary-extensions "^2.0.0"

is-date-object@^1.0.1:
  version "1.0.5"
  resolved "https://registry.yarnpkg.com/is-date-object/-/is-date-object-1.0.5.tgz#0841d5536e724c25597bf6ea62e1bd38298df31f"
  integrity sha512-9YQaSxsAiSwcvS33MBk3wTCVnWK+HhF8VZR2jRxehM16QcVOdHqPn4VPHmRK4lSr38n9JriurInLcP90xsYNfQ==
  dependencies:
    has-tostringtag "^1.0.0"

is-extglob@^2.1.1:
  version "2.1.1"
  resolved "https://registry.yarnpkg.com/is-extglob/-/is-extglob-2.1.1.tgz#a88c02535791f02ed37c76a1b9ea9773c833f8c2"
  integrity sha512-SbKbANkN603Vi4jEZv49LeVJMn4yGwsbzZworEoyEiutsN3nJYdbO36zfhGJ6QEDpOZIFkDtnq5JRxmvl3jsoQ==

is-glob@^4.0.1, is-glob@~4.0.1:
  version "4.0.3"
  resolved "https://registry.yarnpkg.com/is-glob/-/is-glob-4.0.3.tgz#64f61e42cbbb2eec2071a9dac0b28ba1e65d5084"
  integrity sha512-xelSayHH36ZgE7ZWhli7pW34hNbNl8Ojv5KVmkJD4hBdD3th8Tfk9vYasLM+mXWOZhFkgZfxhLSnrwRr4elSSg==
  dependencies:
    is-extglob "^2.1.1"

is-number@^7.0.0:
  version "7.0.0"
  resolved "https://registry.yarnpkg.com/is-number/-/is-number-7.0.0.tgz#7535345b896734d5f80c4d06c50955527a14f12b"
  integrity sha512-41Cifkg6e8TylSpdtTpeLVMqvSBEVzTttHvERD741+pnZ8ANv0004MRL43QKPDlK9cGvNp6NZWZUBlbGXYxxng==

is-regex@^1.0.4:
  version "1.1.4"
  resolved "https://registry.yarnpkg.com/is-regex/-/is-regex-1.1.4.tgz#eef5663cd59fa4c0ae339505323df6854bb15958"
  integrity sha512-kvRdxDsxZjhzUX07ZnLydzS1TU/TJlTUHHY4YLL87e37oUA49DfkLqgy+VjFocowy29cKvcSiu+kIv728jTTVg==
  dependencies:
    call-bind "^1.0.2"
    has-tostringtag "^1.0.0"

jquery@>=1.7:
  version "3.6.1"
  resolved "https://registry.yarnpkg.com/jquery/-/jquery-3.6.1.tgz#fab0408f8b45fc19f956205773b62b292c147a16"
  integrity sha512-opJeO4nCucVnsjiXOE+/PcCgYw9Gwpvs/a6B1LL/lQhwWwpbVEVYDZ1FokFr8PRc7ghYlrFPuyHuiiDNTQxmcw==

jsvectormap@^1.5.1:
  version "1.5.1"
  resolved "https://registry.yarnpkg.com/jsvectormap/-/jsvectormap-1.5.1.tgz#1f4afc0136e33d40c5426259ebabe4b589463419"
  integrity sha512-Ic2O8df/gPir2tJI+tcfWuzXNE6lI4GjBiRstBEDJx7yWIqzuJn8t3+1+/M3Ug8BCxBHhRMVPeMGLFh04al93w==

lodash.debounce@^4.0.8:
  version "4.0.8"
  resolved "https://registry.yarnpkg.com/lodash.debounce/-/lodash.debounce-4.0.8.tgz#82d79bff30a67c4005ffd5e2515300ad9ca4d7af"
  integrity sha512-FT1yDzDYEoYWhnSGnpE/4Kj1fLZkDFyqRb7fNt6FdYOSxlUWAtp42Eh6Wb0rGIv/m9Bgo7x4GhQbm5Ys4SG5ow==

lodash.memoize@^4.1.2:
  version "4.1.2"
  resolved "https://registry.yarnpkg.com/lodash.memoize/-/lodash.memoize-4.1.2.tgz#bcc6c49a42a2840ed997f323eada5ecd182e0bfe"
  integrity sha512-t7j+NzmgnQzTAYXcsHYLgimltOV1MXHtlOWf6GjL9Kj8GK5FInw5JotxvbOs+IvV1/Dzo04/fCGfLVs7aXb4Ag==

lodash.throttle@^4.1.1:
  version "4.1.1"
  resolved "https://registry.yarnpkg.com/lodash.throttle/-/lodash.throttle-4.1.1.tgz#c23e91b710242ac70c37f1e1cda9274cc39bf2f4"
  integrity sha512-wIkUCfVKpVsWo3JSZlc+8MB5it+2AN5W8J7YVMST30UrvcQNZ1Okbj+rbVniijTWE6FGYy4XJq/rHkas8qJMLQ==

normalize-path@^3.0.0, normalize-path@~3.0.0:
  version "3.0.0"
  resolved "https://registry.yarnpkg.com/normalize-path/-/normalize-path-3.0.0.tgz#0dcd69ff23a1c9b11fd0978316644a0388216a65"
  integrity sha512-6eZs5Ls3WtCisHWp9S2GUy8dqkpGi4BVSz3GaqiE6ezub0512ESztXUwUB6C6IKbQkY2Pnb/mD4WYojCRwcwLA==

notyf@^3.10.0:
  version "3.10.0"
  resolved "https://registry.yarnpkg.com/notyf/-/notyf-3.10.0.tgz#67a64443c69ea0e6495c56ea0f91198860163d06"
  integrity sha512-Mtnp+0qiZxgrH+TzVlzhWyZceHdAZ/UWK0/ju9U0HQeDpap1mZ8cC7H5wSI5mwgni6yeAjaxsTw0sbMK+aSuHw==

object-is@^1.0.1:
  version "1.1.5"
  resolved "https://registry.yarnpkg.com/object-is/-/object-is-1.1.5.tgz#b9deeaa5fc7f1846a0faecdceec138e5778f53ac"
  integrity sha512-3cyDsyHgtmi7I7DfSSI2LDp6SK2lwvtbg0p0R1e0RvTqF5ceGx+K2dfSjm1bKDMVCFEDAQvy+o8c6a7VujOddw==
  dependencies:
    call-bind "^1.0.2"
    define-properties "^1.1.3"

object-keys@^1.1.1:
  version "1.1.1"
  resolved "https://registry.yarnpkg.com/object-keys/-/object-keys-1.1.1.tgz#1c47f272df277f3b1daf061677d9c82e2322c60e"
  integrity sha512-NuAESUOUMrlIXOfHKzD6bpPu3tYt3xvjNdRIQ+FeT0lNb4K8WR70CaDxhuNguS2XG+GjkyMwOzsN5ZktImfhLA==

parchment@^1.1.4:
  version "1.1.4"
  resolved "https://registry.yarnpkg.com/parchment/-/parchment-1.1.4.tgz#aeded7ab938fe921d4c34bc339ce1168bc2ffde5"
  integrity sha512-J5FBQt/pM2inLzg4hEWmzQx/8h8D0CiDxaG3vyp9rKrQRSDgBlhjdP5jQGgosEajXPSQouXGHOmVdgo7QmJuOg==

picomatch@^2.0.4, picomatch@^2.2.1:
  version "2.3.1"
  resolved "https://registry.yarnpkg.com/picomatch/-/picomatch-2.3.1.tgz#3ba3833733646d9d3e4995946c1365a67fb07a42"
  integrity sha512-JU3teHTNjmE2VCGFzuY8EXzCDVwEqB2a8fsIvwaStHhAWJEeVd1o1QD80CU6+ZdEXXSLbSsuLwJjkCBWqRQUVA==

quill-delta@^3.6.2:
  version "3.6.3"
  resolved "https://registry.yarnpkg.com/quill-delta/-/quill-delta-3.6.3.tgz#b19fd2b89412301c60e1ff213d8d860eac0f1032"
  integrity sha512-wdIGBlcX13tCHOXGMVnnTVFtGRLoP0imqxM696fIPwIf5ODIYUHIvHbZcyvGlZFiFhK5XzDC2lpjbxRhnM05Tg==
  dependencies:
    deep-equal "^1.0.1"
    extend "^3.0.2"
    fast-diff "1.1.2"

quill@^1.3.7:
  version "1.3.7"
  resolved "https://registry.yarnpkg.com/quill/-/quill-1.3.7.tgz#da5b2f3a2c470e932340cdbf3668c9f21f9286e8"
  integrity sha512-hG/DVzh/TiknWtE6QmWAF/pxoZKYxfe3J/d/+ShUWkDvvkZQVTPeVmUJVu1uE6DDooC4fWTiCLh84ul89oNz5g==
  dependencies:
    clone "^2.1.1"
    deep-equal "^1.0.1"
    eventemitter3 "^2.0.3"
    extend "^3.0.2"
    parchment "^1.1.4"
    quill-delta "^3.6.2"

readdirp@~3.6.0:
  version "3.6.0"
  resolved "https://registry.yarnpkg.com/readdirp/-/readdirp-3.6.0.tgz#74a370bd857116e245b29cc97340cd431a02a6c7"
  integrity sha512-hOS089on8RduqdbhvQ5Z37A0ESjsqz6qnRcffsMU3495FuTdqSm+7bhJ29JvIOsBDEEnan5DPu9t3To9VRlMzA==
  dependencies:
    picomatch "^2.2.1"

redux@^4.1.2:
  version "4.2.0"
  resolved "https://registry.yarnpkg.com/redux/-/redux-4.2.0.tgz#46f10d6e29b6666df758780437651eeb2b969f13"
  integrity sha512-oSBmcKKIuIR4ME29/AeNUnl5L+hvBq7OaJWzaptTQJAntaPvxIJqfnjbaEiCzzaIz+XmVILfqAM3Ob0aXLPfjA==
  dependencies:
    "@babel/runtime" "^7.9.2"

regenerator-runtime@^0.13.4:
  version "0.13.9"
  resolved "https://registry.yarnpkg.com/regenerator-runtime/-/regenerator-runtime-0.13.9.tgz#8925742a98ffd90814988d7566ad30ca3b263b52"
  integrity sha512-p3VT+cOEgxFsRRA9X4lkI1E+k2/CtnKtU4gcxyaCUreilL/vqI6CdZ3wxVUx3UOUg+gnUOQQcRI7BmSI656MYA==

regexp.prototype.flags@^1.2.0:
  version "1.4.3"
  resolved "https://registry.yarnpkg.com/regexp.prototype.flags/-/regexp.prototype.flags-1.4.3.tgz#87cab30f80f66660181a3bb7bf5981a872b367ac"
  integrity sha512-fjggEOO3slI6Wvgjwflkc4NFRCTZAu5CnNfBd5qOMYhWdn67nJBBu34/TkD++eeFmd8C9r9jfXJ27+nSiRkSUA==
  dependencies:
    call-bind "^1.0.2"
    define-properties "^1.1.3"
    functions-have-names "^1.2.2"

sass@^1.54.8:
  version "1.54.8"
  resolved "https://registry.yarnpkg.com/sass/-/sass-1.54.8.tgz#4adef0dd86ea2b1e4074f551eeda4fc5f812a996"
  integrity sha512-ib4JhLRRgbg6QVy6bsv5uJxnJMTS2soVcCp9Y88Extyy13A8vV0G1fAwujOzmNkFQbR3LvedudAMbtuNRPbQww==
  dependencies:
    chokidar ">=3.0.0 <4.0.0"
    immutable "^4.0.0"
    source-map-js ">=0.6.2 <2.0.0"

simplebar@^5.3.8:
  version "5.3.8"
  resolved "https://registry.yarnpkg.com/simplebar/-/simplebar-5.3.8.tgz#4c133596780756a8170682d7fd8bfd23ea5220ab"
  integrity sha512-LOHjyOcihx++zFN+vuktoZBGpCarFCtHIVDWXOf2VELbGDknq3Hw/sddafRp1aCg123VNkHWOFHUDHYEXAtufQ==
  dependencies:
    "@juggle/resize-observer" "^3.3.1"
    can-use-dom "^0.1.0"
    core-js "^3.0.1"
    lodash.debounce "^4.0.8"
    lodash.memoize "^4.1.2"
    lodash.throttle "^4.1.1"

"source-map-js@>=0.6.2 <2.0.0":
  version "1.0.2"
  resolved "https://registry.yarnpkg.com/source-map-js/-/source-map-js-1.0.2.tgz#adbc361d9c62df380125e7f161f71c826f1e490c"
  integrity sha512-R0XvVJ9WusLiqTCEiGCmICCMplcCkIwwR11mOSD9CR5u+IXYdiseeEuXCVAjS54zqwkLcPNnmU4OeJ6tUrWhDw==

svg.draggable.js@^2.2.2:
  version "2.2.2"
  resolved "https://registry.yarnpkg.com/svg.draggable.js/-/svg.draggable.js-2.2.2.tgz#c514a2f1405efb6f0263e7958f5b68fce50603ba"
  integrity sha512-JzNHBc2fLQMzYCZ90KZHN2ohXL0BQJGQimK1kGk6AvSeibuKcIdDX9Kr0dT9+UJ5O8nYA0RB839Lhvk4CY4MZw==
  dependencies:
    svg.js "^2.0.1"

svg.easing.js@^2.0.0:
  version "2.0.0"
  resolved "https://registry.yarnpkg.com/svg.easing.js/-/svg.easing.js-2.0.0.tgz#8aa9946b0a8e27857a5c40a10eba4091e5691f12"
  integrity sha512-//ctPdJMGy22YoYGV+3HEfHbm6/69LJUTAqI2/5qBvaNHZ9uUFVC82B0Pl299HzgH13rKrBgi4+XyXXyVWWthA==
  dependencies:
    svg.js ">=2.3.x"

svg.filter.js@^2.0.2:
  version "2.0.2"
  resolved "https://registry.yarnpkg.com/svg.filter.js/-/svg.filter.js-2.0.2.tgz#91008e151389dd9230779fcbe6e2c9a362d1c203"
  integrity sha512-xkGBwU+dKBzqg5PtilaTb0EYPqPfJ9Q6saVldX+5vCRy31P6TlRCP3U9NxH3HEufkKkpNgdTLBJnmhDHeTqAkw==
  dependencies:
    svg.js "^2.2.5"

svg.js@>=2.3.x, svg.js@^2.0.1, svg.js@^2.2.5, svg.js@^2.4.0, svg.js@^2.6.5:
  version "2.7.1"
  resolved "https://registry.yarnpkg.com/svg.js/-/svg.js-2.7.1.tgz#eb977ed4737001eab859949b4a398ee1bb79948d"
  integrity sha512-ycbxpizEQktk3FYvn/8BH+6/EuWXg7ZpQREJvgacqn46gIddG24tNNe4Son6omdXCnSOaApnpZw6MPCBA1dODA==

svg.pathmorphing.js@^0.1.3:
  version "0.1.3"
  resolved "https://registry.yarnpkg.com/svg.pathmorphing.js/-/svg.pathmorphing.js-0.1.3.tgz#c25718a1cc7c36e852ecabc380e758ac09bb2b65"
  integrity sha512-49HWI9X4XQR/JG1qXkSDV8xViuTLIWm/B/7YuQELV5KMOPtXjiwH4XPJvr/ghEDibmLQ9Oc22dpWpG0vUDDNww==
  dependencies:
    svg.js "^2.4.0"

svg.resize.js@^1.4.3:
  version "1.4.3"
  resolved "https://registry.yarnpkg.com/svg.resize.js/-/svg.resize.js-1.4.3.tgz#885abd248e0cd205b36b973c4b578b9a36f23332"
  integrity sha512-9k5sXJuPKp+mVzXNvxz7U0uC9oVMQrrf7cFsETznzUDDm0x8+77dtZkWdMfRlmbkEEYvUn9btKuZ3n41oNA+uw==
  dependencies:
    svg.js "^2.6.5"
    svg.select.js "^2.1.2"

svg.select.js@^2.1.2:
  version "2.1.2"
  resolved "https://registry.yarnpkg.com/svg.select.js/-/svg.select.js-2.1.2.tgz#e41ce13b1acff43a7441f9f8be87a2319c87be73"
  integrity sha512-tH6ABEyJsAOVAhwcCjF8mw4crjXSI1aa7j2VQR8ZuJ37H2MBUbyeqYr5nEO7sSN3cy9AR9DUwNg0t/962HlDbQ==
  dependencies:
    svg.js "^2.2.5"

svg.select.js@^3.0.1:
  version "3.0.1"
  resolved "https://registry.yarnpkg.com/svg.select.js/-/svg.select.js-3.0.1.tgz#a4198e359f3825739226415f82176a90ea5cc917"
  integrity sha512-h5IS/hKkuVCbKSieR9uQCj9w+zLHoPh+ce19bBYyqF53g6mnPB8sAtIbe1s9dh2S2fCmYX2xel1Ln3PJBbK4kw==
  dependencies:
    svg.js "^2.6.5"

ticky@1.0.1:
  version "1.0.1"
  resolved "https://registry.yarnpkg.com/ticky/-/ticky-1.0.1.tgz#b7cfa71e768f1c9000c497b9151b30947c50e46d"
  integrity sha512-RX35iq/D+lrsqhcPWIazM9ELkjOe30MSeoBHQHSsRwd1YuhJO5ui1K1/R0r7N3mFvbLBs33idw+eR6j+w6i/DA==

to-regex-range@^5.0.1:
  version "5.0.1"
  resolved "https://registry.yarnpkg.com/to-regex-range/-/to-regex-range-5.0.1.tgz#1648c44aae7c8d988a326018ed72f5b4dd0392e4"
  integrity sha512-65P7iz6X5yEr1cwcgvQxbbIw7Uk3gOy5dIdtZ4rDveLqhrdJP+Li/Hx6tyK0NEb+2GCyneCMJiGqrADCSNk8sQ==
  dependencies:
    is-number "^7.0.0"
